
Microsoft Visual Studio Solution File, Format Version 12.00
# Visual Studio Version 17
VisualStudioVersion = 17.9.34728.123
MinimumVisualStudioVersion = 10.0.40219.1
Project("{FAE04EC0-301F-11D3-BF4B-00C04F79EFBC}") = "Chrono task 2.0", "Chrono task 2.0\Chrono task 2.0.csproj", "{F3B477F8-3E7F-4C30-AC76-6E3CDE023463}"
EndProject
Global
	GlobalSection(SolutionConfigurationPlatforms) = preSolution
		Debug|Any CPU = Debug|Any CPU
		Release|Any CPU = Release|Any CPU
	EndGlobalSection
	GlobalSection(ProjectConfigurationPlatforms) = postSolution
		{F3B477F8-3E7F-4C30-AC76-6E3CDE023463}.Debug|Any CPU.ActiveCfg = Debug|Any CPU
		{F3B477F8-3E7F-4C30-AC76-6E3CDE023463}.Debug|Any CPU.Build.0 = Debug|Any CPU
		{F3B477F8-3E7F-4C30-AC76-6E3CDE023463}.Release|Any CPU.ActiveCfg = Release|Any CPU
		{F3B477F8-3E7F-4C30-AC76-6E3CDE023463}.Release|Any CPU.Build.0 = Release|Any CPU
	EndGlobalSection
	GlobalSection(SolutionProperties) = preSolution
		HideSolutionNode = FALSE
	EndGlobalSection
	GlobalSection(ExtensibilityGlobals) = postSolution
		SolutionGuid = {13B61C3A-9552-44A9-855D-6027B8CA290A}
	EndGlobalSection
EndGlobal
